
Microsoft Visual Studio Solution File, Format Version 12.00
# Visual Studio Version 17
VisualStudioVersion = 17.14.36212.18 d17.14
MinimumVisualStudioVersion = 10.0.40219.1
Project("{FAE04EC0-301F-11D3-BF4B-00C04F79EFBC}") = "Calculadora-CO2.API", "Calculadora-CO2.API.csproj", "{C45815B2-BBA7-49A8-BF85-18A6FC4311CB}"
EndProject
Global
	GlobalSection(SolutionConfigurationPlatforms) = preSolution
		Debug|Any CPU = Debug|Any CPU
		Release|Any CPU = Release|Any CPU
	EndGlobalSection
	GlobalSection(ProjectConfigurationPlatforms) = postSolution
		{C45815B2-BBA7-49A8-BF85-18A6FC4311CB}.Debug|Any CPU.ActiveCfg = Debug|Any CPU
		{C45815B2-BBA7-49A8-BF85-18A6FC4311CB}.Debug|Any CPU.Build.0 = Debug|Any CPU
		{C45815B2-BBA7-49A8-BF85-18A6FC4311CB}.Release|Any CPU.ActiveCfg = Release|Any CPU
		{C45815B2-BBA7-49A8-BF85-18A6FC4311CB}.Release|Any CPU.Build.0 = Release|Any CPU
	EndGlobalSection
	GlobalSection(SolutionProperties) = preSolution
		HideSolutionNode = FALSE
	EndGlobalSection
	GlobalSection(ExtensibilityGlobals) = postSolution
		SolutionGuid = {7B04D93E-022D-451B-BBAB-5134A0902E4F}
	EndGlobalSection
EndGlobal
